
Microsoft Visual Studio Solution File, Format Version 12.00
# Visual Studio 15
VisualStudioVersion = 15.0.28307.960
MinimumVisualStudioVersion = 10.0.40219.1
Project("{FAE04EC0-301F-11D3-BF4B-00C04F79EFBC}") = "BudgetTracking", "BudgetTracking\BudgetTracking.csproj", "{9F38491D-06FF-4C59-A620-6D00F9188A24}"
EndProject
Global
	GlobalSection(SolutionConfigurationPlatforms) = preSolution
		Debug|Any CPU = Debug|Any CPU
		Release|Any CPU = Release|Any CPU
	EndGlobalSection
	GlobalSection(ProjectConfigurationPlatforms) = postSolution
		{9F38491D-06FF-4C59-A620-6D00F9188A24}.Debug|Any CPU.ActiveCfg = Debug|Any CPU
		{9F38491D-06FF-4C59-A620-6D00F9188A24}.Debug|Any CPU.Build.0 = Debug|Any CPU
		{9F38491D-06FF-4C59-A620-6D00F9188A24}.Release|Any CPU.ActiveCfg = Release|Any CPU
		{9F38491D-06FF-4C59-A620-6D00F9188A24}.Release|Any CPU.Build.0 = Release|Any CPU
	EndGlobalSection
	GlobalSection(SolutionProperties) = preSolution
		HideSolutionNode = FALSE
	EndGlobalSection
	GlobalSection(ExtensibilityGlobals) = postSolution
		SolutionGuid = {776CB172-19C6-47C1-B504-B7A9F91A571C}
	EndGlobalSection
EndGlobal
